
Microsoft Visual Studio Solution File, Format Version 12.00
# Visual Studio 14
VisualStudioVersion = 14.0.24720.0
MinimumVisualStudioVersion = 10.0.40219.1
Project("{FAE04EC0-301F-11D3-BF4B-00C04F79EFBC}") = "MediaLoaderWPF1", "MediaLoaderWPF1\MediaLoaderWPF1.csproj", "{B495AD34-94F7-42FB-84DE-CFCF8CE390C6}"
EndProject
Project("{2150E333-8FDC-42A3-9474-1A3956D46DE8}") = "Solution Items", "Solution Items", "{CA3ABFD6-9122-4E5D-BD80-3A90B8790CF0}"
	ProjectSection(SolutionItems) = preProject
		.gitignore = .gitignore
	EndProjectSection
EndProject
Project("{FAE04EC0-301F-11D3-BF4B-00C04F79EFBC}") = "NancyML", "NancyML\NancyML.csproj", "{35460AA4-B94A-4B64-9418-7243EC3D2F01}"
EndProject
Project("{54435603-DBB4-11D2-8724-00A0C9A8B90C}") = "SetupWizard", "SetupWizard\SetupWizard.vdproj", "{DF75AE09-A80B-4289-89DD-61EE26A86A8D}"
EndProject
Project("{FAE04EC0-301F-11D3-BF4B-00C04F79EFBC}") = "InstallationCustomActionLib", "InstallationCustomActionLib\InstallationCustomActionLib.csproj", "{7516C059-4438-41E9-8383-5A4F11E60270}"
EndProject
Project("{FAE04EC0-301F-11D3-BF4B-00C04F79EFBC}") = "TrayApp", "TrayApp\TrayApp.csproj", "{27FA3EB7-A9C9-4E83-AD0B-582B2595B635}"
EndProject
Project("{FAE04EC0-301F-11D3-BF4B-00C04F79EFBC}") = "UserSelectionLibrary", "UserSelectionLibrary\UserSelectionLibrary.csproj", "{C5F33C4D-DD3B-4002-B58A-A38DC4F1687E}"
EndProject
Global
	GlobalSection(SolutionConfigurationPlatforms) = preSolution
		Debug|Any CPU = Debug|Any CPU
		Release|Any CPU = Release|Any CPU
		ServerDebug|Any CPU = ServerDebug|Any CPU
	EndGlobalSection
	GlobalSection(ProjectConfigurationPlatforms) = postSolution
		{B495AD34-94F7-42FB-84DE-CFCF8CE390C6}.Debug|Any CPU.ActiveCfg = Debug|Any CPU
		{B495AD34-94F7-42FB-84DE-CFCF8CE390C6}.Debug|Any CPU.Build.0 = Debug|Any CPU
		{B495AD34-94F7-42FB-84DE-CFCF8CE390C6}.Release|Any CPU.ActiveCfg = Release|Any CPU
		{B495AD34-94F7-42FB-84DE-CFCF8CE390C6}.Release|Any CPU.Build.0 = Release|Any CPU
		{B495AD34-94F7-42FB-84DE-CFCF8CE390C6}.ServerDebug|Any CPU.ActiveCfg = ServerDebug|Any CPU
		{B495AD34-94F7-42FB-84DE-CFCF8CE390C6}.ServerDebug|Any CPU.Build.0 = ServerDebug|Any CPU
		{35460AA4-B94A-4B64-9418-7243EC3D2F01}.Debug|Any CPU.ActiveCfg = Debug|Any CPU
		{35460AA4-B94A-4B64-9418-7243EC3D2F01}.Debug|Any CPU.Build.0 = Debug|Any CPU
		{35460AA4-B94A-4B64-9418-7243EC3D2F01}.Release|Any CPU.ActiveCfg = Release|Any CPU
		{35460AA4-B94A-4B64-9418-7243EC3D2F01}.Release|Any CPU.Build.0 = Release|Any CPU
		{35460AA4-B94A-4B64-9418-7243EC3D2F01}.ServerDebug|Any CPU.ActiveCfg = Debug|Any CPU
		{35460AA4-B94A-4B64-9418-7243EC3D2F01}.ServerDebug|Any CPU.Build.0 = Debug|Any CPU
		{DF75AE09-A80B-4289-89DD-61EE26A86A8D}.Debug|Any CPU.ActiveCfg = Debug
		{DF75AE09-A80B-4289-89DD-61EE26A86A8D}.Release|Any CPU.ActiveCfg = Release
		{DF75AE09-A80B-4289-89DD-61EE26A86A8D}.ServerDebug|Any CPU.ActiveCfg = Debug
		{7516C059-4438-41E9-8383-5A4F11E60270}.Debug|Any CPU.ActiveCfg = Debug|Any CPU
		{7516C059-4438-41E9-8383-5A4F11E60270}.Debug|Any CPU.Build.0 = Debug|Any CPU
		{7516C059-4438-41E9-8383-5A4F11E60270}.Release|Any CPU.ActiveCfg = Release|Any CPU
		{7516C059-4438-41E9-8383-5A4F11E60270}.Release|Any CPU.Build.0 = Release|Any CPU
		{7516C059-4438-41E9-8383-5A4F11E60270}.ServerDebug|Any CPU.ActiveCfg = Debug|Any CPU
		{7516C059-4438-41E9-8383-5A4F11E60270}.ServerDebug|Any CPU.Build.0 = Debug|Any CPU
		{27FA3EB7-A9C9-4E83-AD0B-582B2595B635}.Debug|Any CPU.ActiveCfg = Debug|Any CPU
		{27FA3EB7-A9C9-4E83-AD0B-582B2595B635}.Debug|Any CPU.Build.0 = Debug|Any CPU
		{27FA3EB7-A9C9-4E83-AD0B-582B2595B635}.Release|Any CPU.ActiveCfg = Release|Any CPU
		{27FA3EB7-A9C9-4E83-AD0B-582B2595B635}.Release|Any CPU.Build.0 = Release|Any CPU
		{27FA3EB7-A9C9-4E83-AD0B-582B2595B635}.ServerDebug|Any CPU.ActiveCfg = Debug|Any CPU
		{27FA3EB7-A9C9-4E83-AD0B-582B2595B635}.ServerDebug|Any CPU.Build.0 = Debug|Any CPU
		{C5F33C4D-DD3B-4002-B58A-A38DC4F1687E}.Debug|Any CPU.ActiveCfg = Debug|Any CPU
		{C5F33C4D-DD3B-4002-B58A-A38DC4F1687E}.Debug|Any CPU.Build.0 = Debug|Any CPU
		{C5F33C4D-DD3B-4002-B58A-A38DC4F1687E}.Release|Any CPU.ActiveCfg = Release|Any CPU
		{C5F33C4D-DD3B-4002-B58A-A38DC4F1687E}.Release|Any CPU.Build.0 = Release|Any CPU
		{C5F33C4D-DD3B-4002-B58A-A38DC4F1687E}.ServerDebug|Any CPU.ActiveCfg = Debug|Any CPU
		{C5F33C4D-DD3B-4002-B58A-A38DC4F1687E}.ServerDebug|Any CPU.Build.0 = Debug|Any CPU
	EndGlobalSection
	GlobalSection(SolutionProperties) = preSolution
		HideSolutionNode = FALSE
	EndGlobalSection
EndGlobal
